
Microsoft Visual Studio Solution File, Format Version 12.00
# Visual Studio Version 17
VisualStudioVersion = 17.9.34728.123
MinimumVisualStudioVersion = 10.0.40219.1
Project("{9A19103F-16F7-4668-BE54-9A1E7A4F7556}") = "PlayEuwRusClient", "PlayEuwRusClient\PlayEuwRusClient.csproj", "{FBC90290-C6EC-4AC2-8455-7826AE8DD200}"
EndProject
Project("{FAE04EC0-301F-11D3-BF4B-00C04F79EFBC}") = "PlayEuwRusClientWF", "PlayEuwRusClientWF\PlayEuwRusClientWF.csproj", "{B13AC4CF-941D-4C2C-B5DC-F16BEAF41A22}"
EndProject
Global
	GlobalSection(SolutionConfigurationPlatforms) = preSolution
		Debug|Any CPU = Debug|Any CPU
		Release|Any CPU = Release|Any CPU
	EndGlobalSection
	GlobalSection(ProjectConfigurationPlatforms) = postSolution
		{FBC90290-C6EC-4AC2-8455-7826AE8DD200}.Debug|Any CPU.ActiveCfg = Debug|Any CPU
		{FBC90290-C6EC-4AC2-8455-7826AE8DD200}.Debug|Any CPU.Build.0 = Debug|Any CPU
		{FBC90290-C6EC-4AC2-8455-7826AE8DD200}.Release|Any CPU.ActiveCfg = Release|Any CPU
		{FBC90290-C6EC-4AC2-8455-7826AE8DD200}.Release|Any CPU.Build.0 = Release|Any CPU
		{B13AC4CF-941D-4C2C-B5DC-F16BEAF41A22}.Debug|Any CPU.ActiveCfg = Debug|Any CPU
		{B13AC4CF-941D-4C2C-B5DC-F16BEAF41A22}.Debug|Any CPU.Build.0 = Debug|Any CPU
		{B13AC4CF-941D-4C2C-B5DC-F16BEAF41A22}.Release|Any CPU.ActiveCfg = Release|Any CPU
		{B13AC4CF-941D-4C2C-B5DC-F16BEAF41A22}.Release|Any CPU.Build.0 = Release|Any CPU
	EndGlobalSection
	GlobalSection(SolutionProperties) = preSolution
		HideSolutionNode = FALSE
	EndGlobalSection
	GlobalSection(ExtensibilityGlobals) = postSolution
		SolutionGuid = {33187190-3927-4CDF-A100-70BE6D9224F5}
	EndGlobalSection
EndGlobal
